{
    "requires": true,
    "lockfileVersion": 1,
    "dependencies": {
        "@angular/animations": {
            "version": "6.1.6",
            "resolved": "https://registry.npmjs.org/@angular/animations/-/animations-6.1.6.tgz",
            "integrity": "sha512-fK7onQeVsPgUx/sFcBvcGisuIuxvodzATpoKV9SnsQc6xWE5qsvJRZijrzZIN+Hxy/DgsLaVWRCPn1hG75/D2Q==",
            "requires": {
                "tslib": "^1.9.0"
            }
        },
        "@angular/common": {
            "version": "6.1.6",
            "resolved": "https://registry.npmjs.org/@angular/common/-/common-6.1.6.tgz",
            "integrity": "sha512-aFQcfCB2vFfNqR6/e6R34JjFpIFmF3zqr6Ubti1PJOsRuhITZHG/qRYIYA7mh1KVkkf0VXC56B+8QzYbdGcKOQ==",
            "requires": {
                "tslib": "^1.9.0"
            }
        },
        "@angular/compiler": {
            "version": "6.1.6",
            "resolved": "https://registry.npmjs.org/@angular/compiler/-/compiler-6.1.6.tgz",
            "integrity": "sha512-Z9Og0DVH5krG/xMhfcRJMr5GF2HzqnG3f6Hr+e6d6FB8oehnCX/w9b34zZfVGUWAydAYj32SpXJLE6fQm/ljzA==",
            "requires": {
                "tslib": "^1.9.0"
            }
        },
        "@angular/core": {
            "version": "6.1.6",
            "resolved": "https://registry.npmjs.org/@angular/core/-/core-6.1.6.tgz",
            "integrity": "sha512-RFkxNDq8iIfO1SaOuUYqOGD/pujMqifJ9FeVg8M2v7ucW01coXAG0IwqUEMMShQj3GGJGHj+F9BNswN7aD2uvw==",
            "requires": {
                "tslib": "^1.9.0"
            }
        },
        "@angular/forms": {
            "version": "6.1.6",
            "resolved": "https://registry.npmjs.org/@angular/forms/-/forms-6.1.6.tgz",
            "integrity": "sha512-6ddk8bhsEtSONctj9PUrEJnTTRL1xHCULaxo2N4GQh5XyV8ScRM0ewOTLcpoL0IU4lgtQmU0VsLWdQvKr3g3Ng==",
            "requires": {
                "tslib": "^1.9.0"
            }
        },
        "@angular/http": {
            "version": "6.1.6",
            "resolved": "https://registry.npmjs.org/@angular/http/-/http-6.1.6.tgz",
            "integrity": "sha512-V4qF68tUSsc3cKvQERJmpfXgZSKgxhb67I2jAfmwU9mEH66wh9FNfZ0b0GPV9hXoCulw3POz4ZUwZZ1E6mLy4A==",
            "requires": {
                "tslib": "^1.9.0"
            }
        },
        "@angular/platform-browser": {
            "version": "6.1.6",
            "resolved": "https://registry.npmjs.org/@angular/platform-browser/-/platform-browser-6.1.6.tgz",
            "integrity": "sha512-fwI/w+MhdolVJEfdoCSZFarQo+SctG1pNa+V3PxMkXhxnAbv7oWPQdxzdCrhTWdxJTJ5enSfumMmlJEZtg1bag==",
            "requires": {
                "tslib": "^1.9.0"
            }
        },
        "@angular/platform-browser-dynamic": {
            "version": "6.1.6",
            "resolved": "https://registry.npmjs.org/@angular/platform-browser-dynamic/-/platform-browser-dynamic-6.1.6.tgz",
            "integrity": "sha512-Ep4vq2ssb1r8XOAw7dJW530vzFKKVY5fj0CYp7VMPfDkwYolEG4TBKQ/ouJkF8n/jdDVFP73+MzU1TLa9/lMQQ==",
            "requires": {
                "tslib": "^1.9.0"
            }
        },
        "@angular/router": {
            "version": "6.1.6",
            "resolved": "https://registry.npmjs.org/@angular/router/-/router-6.1.6.tgz",
            "integrity": "sha512-fOFeOe3uBrSRUYhXdWxHjDPf80eq3ZNCeWfujzfBADtcmiezlO7cxc1v5Eu81t577frU/3z+w8JvmF257p4RZg==",
            "requires": {
                "tslib": "^1.9.0"
            }
        },
        "@drifters/nativescript-notification": {
            "version": "file:../src",
            "requires": {
                "tns-core-modules": "4.3.0-2018-08-28-01"
            },
            "dependencies": {
                "tns-core-modules": {
                    "version": "4.3.0-2018-08-28-01",
                    "bundled": true,
                    "requires": {
                        "tns-core-modules-widgets": "^4.3.0-2018-08-24-01"
                    }
                },
                "tns-core-modules-widgets": {
                    "version": "4.3.0-2018-08-24-01",
                    "bundled": true
                },
                "tns-platform-declarations": {
                    "version": "4.2.0",
                    "bundled": true
                },
                "typescript": {
                    "version": "3.0.3",
                    "bundled": true
                }
            }
        },
        "balanced-match": {
            "version": "1.0.0",
            "resolved": "https://registry.npmjs.org/balanced-match/-/balanced-match-1.0.0.tgz",
            "integrity": "sha1-ibTRmasr7kneFk6gK4nORi1xt2c=",
            "dev": true
        },
        "brace-expansion": {
            "version": "1.1.11",
            "resolved": "https://registry.npmjs.org/brace-expansion/-/brace-expansion-1.1.11.tgz",
            "integrity": "sha512-iCuPHDFgrHX7H2vEI/5xpz07zSHB00TpugqhmYtVmMO6518mCuRMoOYFldEBl0g187ufozdaHgWKcYFb61qGiA==",
            "dev": true,
            "requires": {
                "balanced-match": "^1.0.0",
                "concat-map": "0.0.1"
            }
        },
        "concat-map": {
            "version": "0.0.1",
            "resolved": "https://registry.npmjs.org/concat-map/-/concat-map-0.0.1.tgz",
            "integrity": "sha1-2Klr13/Wjfd5OnMDajug1UBdR3s=",
            "dev": true
        },
        "glob": {
            "version": "6.0.4",
            "resolved": "https://registry.npmjs.org/glob/-/glob-6.0.4.tgz",
            "integrity": "sha1-DwiGD2oVUSey+t1PnOJLGqtuTSI=",
            "dev": true,
            "requires": {
                "inflight": "^1.0.4",
                "inherits": "2",
                "minimatch": "2 || 3",
                "once": "^1.3.0",
                "path-is-absolute": "^1.0.0"
            }
        },
        "inflight": {
            "version": "1.0.6",
            "resolved": "https://registry.npmjs.org/inflight/-/inflight-1.0.6.tgz",
            "integrity": "sha1-Sb1jMdfQLQwJvJEKEHW6gWW1bfk=",
            "dev": true,
            "requires": {
                "once": "^1.3.0",
                "wrappy": "1"
            }
        },
        "inherits": {
            "version": "2.0.3",
            "resolved": "https://registry.npmjs.org/inherits/-/inherits-2.0.3.tgz",
            "integrity": "sha1-Yzwsg+PaQqUC9SRmAiSA9CCCYd4=",
            "dev": true
        },
        "minimatch": {
            "version": "3.0.4",
            "resolved": "https://registry.npmjs.org/minimatch/-/minimatch-3.0.4.tgz",
            "integrity": "sha512-yJHVQEhyqPLUTgt9B83PXu6W3rx4MvvHvSUvToogpwoGDOUQ+yDrR0HRot+yOCdCO7u4hX3pWft6kWBBcqh0UA==",
            "dev": true,
            "requires": {
                "brace-expansion": "^1.1.7"
            }
        },
        "minimist": {
            "version": "0.0.8",
            "resolved": "https://registry.npmjs.org/minimist/-/minimist-0.0.8.tgz",
            "integrity": "sha1-hX/Kv8M5fSYluCKCYuhqp6ARsF0=",
            "dev": true
        },
        "mkdirp": {
            "version": "0.5.1",
            "resolved": "http://registry.npmjs.org/mkdirp/-/mkdirp-0.5.1.tgz",
            "integrity": "sha1-MAV0OOrGz3+MR2fzhkjWaX11yQM=",
            "dev": true,
            "requires": {
                "minimist": "0.0.8"
            }
        },
        "nativescript-angular": {
            "version": "6.1.0",
            "resolved": "https://registry.npmjs.org/nativescript-angular/-/nativescript-angular-6.1.0.tgz",
            "integrity": "sha512-K9kgg7AU3Q8tR6HV3V75+ge8xgEfz8YiW722U7TiGhlkFOjIBni2uYGwBnB1Obp9BNAq+NYFNYTU2MRwSo8pJQ==",
            "requires": {
                "nativescript-intl": "^3.0.0",
                "reflect-metadata": "^0.1.8"
            }
        },
        "nativescript-dev-typescript": {
            "version": "0.7.3",
            "resolved": "https://registry.npmjs.org/nativescript-dev-typescript/-/nativescript-dev-typescript-0.7.3.tgz",
            "integrity": "sha512-HzsX0o2itj+AxUNMCj/1PnD6GaV0EKMKndoksjh9lGYndTu/lGEoKSzx59byc+VmxX0/xro+Aq9NB/Vmq2pFiA==",
            "dev": true,
            "requires": {
                "nativescript-hook": "^0.2.0",
                "semver": "5.5.0"
            }
        },
        "nativescript-hook": {
            "version": "0.2.4",
            "resolved": "https://registry.npmjs.org/nativescript-hook/-/nativescript-hook-0.2.4.tgz",
            "integrity": "sha1-5ZHh2a1BWotPMwnBVzFXevRKPdQ=",
            "dev": true,
            "requires": {
                "glob": "^6.0.1",
                "mkdirp": "^0.5.1"
            }
        },
        "nativescript-intl": {
            "version": "3.0.0",
            "resolved": "https://registry.npmjs.org/nativescript-intl/-/nativescript-intl-3.0.0.tgz",
            "integrity": "sha1-gu6b59N3Fys8QpVzRyMDdijhhqc="
        },
        "nativescript-theme-core": {
            "version": "1.0.4",
            "resolved": "https://registry.npmjs.org/nativescript-theme-core/-/nativescript-theme-core-1.0.4.tgz",
            "integrity": "sha1-zyiAx/vy/l9D4iNdMJdQeQgD7+E="
        },
        "once": {
            "version": "1.4.0",
            "resolved": "https://registry.npmjs.org/once/-/once-1.4.0.tgz",
            "integrity": "sha1-WDsap3WWHUsROsF9nFC6753Xa9E=",
            "dev": true,
            "requires": {
                "wrappy": "1"
            }
        },
        "path-is-absolute": {
            "version": "1.0.1",
            "resolved": "https://registry.npmjs.org/path-is-absolute/-/path-is-absolute-1.0.1.tgz",
            "integrity": "sha1-F0uSaHNVNP+8es5r9TpanhtcX18=",
            "dev": true
        },
        "reflect-metadata": {
            "version": "0.1.12",
            "resolved": "https://registry.npmjs.org/reflect-metadata/-/reflect-metadata-0.1.12.tgz",
            "integrity": "sha512-n+IyV+nGz3+0q3/Yf1ra12KpCyi001bi4XFxSjbiWWjfqb52iTTtpGXmCCAOWWIAn9KEuFZKGqBERHmrtScZ3A=="
        },
        "rxjs": {
            "version": "6.3.0",
            "resolved": "https://registry.npmjs.org/rxjs/-/rxjs-6.3.0.tgz",
            "integrity": "sha512-ZnwuEquf72mnVORgX75eZCAKNNwulmKQuFxDPwDA5EvbkBXeRNJtmvhyVLcPcKkdiUtqqv+LbBM8jYo0eBW++w==",
            "requires": {
                "tslib": "^1.9.0"
            }
        },
        "semver": {
            "version": "5.5.0",
            "resolved": "https://registry.npmjs.org/semver/-/semver-5.5.0.tgz",
            "integrity": "sha512-4SJ3dm0WAwWy/NVeioZh5AntkdJoWKxHxcmyP622fOkgHa4z3R0TdBJICINyaSDE6uNwVc8gZr+ZinwZAH4xIA==",
            "dev": true
        },
        "tns-core-modules": {
            "version": "4.2.0",
            "resolved": "https://registry.npmjs.org/tns-core-modules/-/tns-core-modules-4.2.0.tgz",
            "integrity": "sha512-tEbQfeXVp6i9RJAmC+erd63mr6NYw5nX/gzYDVb1Va52/Jdj9ZeGbXKAPyjVXZ3BGI6O9QM1jQUem/Ow6v5FqQ==",
            "requires": {
                "tns-core-modules-widgets": "4.2.0"
            }
        },
        "tns-core-modules-widgets": {
            "version": "4.2.0",
            "resolved": "https://registry.npmjs.org/tns-core-modules-widgets/-/tns-core-modules-widgets-4.2.0.tgz",
            "integrity": "sha512-0YlfWN1Wy2qFlnzwrwit910whA9TC9en1PxS/5Yx63lL9uXHyOB53C8POnKfM82YUFVPxifcpuYtCC7+DBXbag=="
        },
        "tslib": {
            "version": "1.9.3",
            "resolved": "https://registry.npmjs.org/tslib/-/tslib-1.9.3.tgz",
            "integrity": "sha512-4krF8scpejhaOgqzBEcGM7yDIEfi0/8+8zDRZhNZZ2kjmHJ4hv3zCbQWxoJGz1iw5U0Jl0nma13xzHXcncMavQ=="
        },
        "typescript": {
            "version": "2.7.2",
            "resolved": "http://registry.npmjs.org/typescript/-/typescript-2.7.2.tgz",
            "integrity": "sha512-p5TCYZDAO0m4G344hD+wx/LATebLWZNkkh2asWUFqSsD2OrDNhbAHuSjobrmsUmdzjJjEeZVU9g1h3O6vpstnw==",
            "dev": true
        },
        "wrappy": {
            "version": "1.0.2",
            "resolved": "https://registry.npmjs.org/wrappy/-/wrappy-1.0.2.tgz",
            "integrity": "sha1-tSQ9jz7BqjXxNkYFvA0QNuMKtp8=",
            "dev": true
        },
        "zone.js": {
            "version": "0.8.26",
            "resolved": "https://registry.npmjs.org/zone.js/-/zone.js-0.8.26.tgz",
            "integrity": "sha512-W9Nj+UmBJG251wkCacIkETgra4QgBo/vgoEkb4a2uoLzpQG7qF9nzwoLXWU5xj3Fg2mxGvEDh47mg24vXccYjA=="
        }
    }
}
